<Solution>
  <Project Path="SDT621_FA1/SDT621_FA1_Q1.csproj" />
  <Project Path="SDT621_FA1_Q2/SDT621_FA1_Q2.csproj" />
  <Project Path="SDT621_FA1_Q3/SDT621_FA1_Q3.csproj" />
  <Project Path="SDT621_FA1_SectionB_Q1/SDT621_FA1_SectionB_Q1.csproj" />
  <Project Path="SDT621_FA1_SectionB_Q2/SDT621_FA1_SectionB_Q2.csproj" />
</Solution>
